// !$*UTF8*$!
{
	archiveVersion = 1;
	classes = {
	};
	objectVersion = 50;
	objects = {

/* Begin PBXBuildFile section */
		FCA3F24B2375D022008F8DE0 /* AppDelegate.swift in Sources */ = {isa = PBXBuildFile; fileRef = FCA3F24A2375D022008F8DE0 /* AppDelegate.swift */; };
		FCA3F24D2375D022008F8DE0 /* ViewController.swift in Sources */ = {isa = PBXBuildFile; fileRef = FCA3F24C2375D022008F8DE0 /* ViewController.swift */; };
		FCA3F24F2375D024008F8DE0 /* Assets.xcassets in Resources */ = {isa = PBXBuildFile; fileRef = FCA3F24E2375D024008F8DE0 /* Assets.xcassets */; };
		FCA3F2522375D024008F8DE0 /* Main.storyboard in Resources */ = {isa = PBXBuildFile; fileRef = FCA3F2502375D024008F8DE0 /* Main.storyboard */; };
		FCB11A8123761D1100DE51DE /* TimerModel.swift in Sources */ = {isa = PBXBuildFile; fileRef = FCB11A8023761D1100DE51DE /* TimerModel.swift */; };
		FCC6A7EF23796E8C0047BD69 /* TaskTableViewCell.swift in Sources */ = {isa = PBXBuildFile; fileRef = FCC6A7EE23796E8C0047BD69 /* TaskTableViewCell.swift */; };
		FCC6A7F123796EC80047BD69 /* AddTaskViewController.swift in Sources */ = {isa = PBXBuildFile; fileRef = FCC6A7F023796EC80047BD69 /* AddTaskViewController.swift */; };
/* End PBXBuildFile section */

/* Begin PBXFileReference section */
		FCA3F2472375D022008F8DE0 /* Timity.app */ = {isa = PBXFileReference; explicitFileType = wrapper.application; includeInIndex = 0; path = Timity.app; sourceTree = BUILT_PRODUCTS_DIR; };
		FCA3F24A2375D022008F8DE0 /* AppDelegate.swift */ = {isa = PBXFileReference; lastKnownFileType = sourcecode.swift; path = AppDelegate.swift; sourceTree = "<group>"; };
		FCA3F24C2375D022008F8DE0 /* ViewController.swift */ = {isa = PBXFileReference; lastKnownFileType = sourcecode.swift; path = ViewController.swift; sourceTree = "<group>"; };
		FCA3F24E2375D024008F8DE0 /* Assets.xcassets */ = {isa = PBXFileReference; lastKnownFileType = folder.assetcatalog; path = Assets.xcassets; sourceTree = "<group>"; };
		FCA3F2512375D024008F8DE0 /* Base */ = {isa = PBXFileReference; lastKnownFileType = file.storyboard; name = Base; path = Base.lproj/Main.storyboard; sourceTree = "<group>"; };
		FCA3F2532375D024008F8DE0 /* Info.plist */ = {isa = PBXFileReference; lastKnownFileType = text.plist.xml; path = Info.plist; sourceTree = "<group>"; };
		FCA3F2542375D024008F8DE0 /* Timity.entitlements */ = {isa = PBXFileReference; lastKnownFileType = text.plist.entitlements; path = Timity.entitlements; sourceTree = "<group>"; };
		FCB11A8023761D1100DE51DE /* TimerModel.swift */ = {isa = PBXFileReference; lastKnownFileType = sourcecode.swift; path = TimerModel.swift; sourceTree = "<group>"; };
		FCC6A7EE23796E8C0047BD69 /* TaskTableViewCell.swift */ = {isa = PBXFileReference; lastKnownFileType = sourcecode.swift; path = TaskTableViewCell.swift; sourceTree = "<group>"; };
		FCC6A7F023796EC80047BD69 /* AddTaskViewController.swift */ = {isa = PBXFileReference; lastKnownFileType = sourcecode.swift; path = AddTaskViewController.swift; sourceTree = "<group>"; };
/* End PBXFileReference section */

/* Begin PBXFrameworksBuildPhase section */
		FCA3F2442375D022008F8DE0 /* Frameworks */ = {
			isa = PBXFrameworksBuildPhase;
			buildActionMask = 2147483647;
			files = (
			);
			runOnlyForDeploymentPostprocessing = 0;
		};
/* End PBXFrameworksBuildPhase section */

/* Begin PBXGroup section */
		FCA3F23E2375D022008F8DE0 = {
			isa = PBXGroup;
			children = (
				FCA3F2492375D022008F8DE0 /* Timity */,
				FCA3F2482375D022008F8DE0 /* Products */,
			);
			sourceTree = "<group>";
		};
		FCA3F2482375D022008F8DE0 /* Products */ = {
			isa = PBXGroup;
			children = (
				FCA3F2472375D022008F8DE0 /* Timity.app */,
			);
			name = Products;
			sourceTree = "<group>";
		};
		FCA3F2492375D022008F8DE0 /* Timity */ = {
			isa = PBXGroup;
			children = (
				FCA3F24A2375D022008F8DE0 /* AppDelegate.swift */,
				FCA3F24C2375D022008F8DE0 /* ViewController.swift */,
				FCB11A8023761D1100DE51DE /* TimerModel.swift */,
				FCC6A7EE23796E8C0047BD69 /* TaskTableViewCell.swift */,
				FCC6A7F023796EC80047BD69 /* AddTaskViewController.swift */,
				FCA3F24E2375D024008F8DE0 /* Assets.xcassets */,
				FCA3F2502375D024008F8DE0 /* Main.storyboard */,
				FCA3F2532375D024008F8DE0 /* Info.plist */,
				FCA3F2542375D024008F8DE0 /* Timity.entitlements */,
			);
			path = Timity;
			sourceTree = "<group>";
		};
/* End PBXGroup section */

/* Begin PBXNativeTarget section */
		FCA3F2462375D022008F8DE0 /* Timity */ = {
			isa = PBXNativeTarget;
			buildConfigurationList = FCA3F2572375D024008F8DE0 /* Build configuration list for PBXNativeTarget "Timity" */;
			buildPhases = (
				FCA3F2432375D022008F8DE0 /* Sources */,
				FCA3F2442375D022008F8DE0 /* Frameworks */,
				FCA3F2452375D022008F8DE0 /* Resources */,
			);
			buildRules = (
			);
			dependencies = (
			);
			name = Timity;
			packageProductDependencies = (
			);
			productName = Timity;
			productReference = FCA3F2472375D022008F8DE0 /* Timity.app */;
			productType = "com.apple.product-type.application";
		};
/* End PBXNativeTarget section */

/* Begin PBXProject section */
		FCA3F23F2375D022008F8DE0 /* Project object */ = {
			isa = PBXProject;
			attributes = {
				LastSwiftUpdateCheck = 1120;
				LastUpgradeCheck = 1120;
				ORGANIZATIONNAME = "Webicom B.V.";
				TargetAttributes = {
					FCA3F2462375D022008F8DE0 = {
						CreatedOnToolsVersion = 11.2;
					};
				};
			};
			buildConfigurationList = FCA3F2422375D022008F8DE0 /* Build configuration list for PBXProject "Timity" */;
			compatibilityVersion = "Xcode 9.3";
			developmentRegion = en;
			hasScannedForEncodings = 0;
			knownRegions = (
				en,
				Base,
			);
			mainGroup = FCA3F23E2375D022008F8DE0;
			packageReferences = (
			);
			productRefGroup = FCA3F2482375D022008F8DE0 /* Products */;
			projectDirPath = "";
			projectRoot = "";
			targets = (
				FCA3F2462375D022008F8DE0 /* Timity */,
			);
		};
/* End PBXProject section */

/* Begin PBXResourcesBuildPhase section */
		FCA3F2452375D022008F8DE0 /* Resources */ = {
			isa = PBXResourcesBuildPhase;
			buildActionMask = 2147483647;
			files = (
				FCA3F24F2375D024008F8DE0 /* Assets.xcassets in Resources */,
				FCA3F2522375D024008F8DE0 /* Main.storyboard in Resources */,
			);
			runOnlyForDeploymentPostprocessing = 0;
		};
/* End PBXResourcesBuildPhase section */

/* Begin PBXSourcesBuildPhase section */
		FCA3F2432375D022008F8DE0 /* Sources */ = {
			isa = PBXSourcesBuildPhase;
			buildActionMask = 2147483647;
			files = (
				FCC6A7EF23796E8C0047BD69 /* TaskTableViewCell.swift in Sources */,
				FCB11A8123761D1100DE51DE /* TimerModel.swift in Sources */,
				FCA3F24D2375D022008F8DE0 /* ViewController.swift in Sources */,
				FCA3F24B2375D022008F8DE0 /* AppDelegate.swift in Sources */,
				FCC6A7F123796EC80047BD69 /* AddTaskViewController.swift in Sources */,
			);
			runOnlyForDeploymentPostprocessing = 0;
		};
/* End PBXSourcesBuildPhase section */

/* Begin PBXVariantGroup section */
		FCA3F2502375D024008F8DE0 /* Main.storyboard */ = {
			isa = PBXVariantGroup;
			children = (
				FCA3F2512375D024008F8DE0 /* Base */,
			);
			name = Main.storyboard;
			sourceTree = "<group>";
		};
/* End PBXVariantGroup section */

/* Begin XCBuildConfiguration section */
		FCA3F2552375D024008F8DE0 /* Debug */ = {
			isa = XCBuildConfiguration;
			buildSettings = {
				ALWAYS_SEARCH_USER_PATHS = NO;
				CLANG_ANALYZER_NONNULL = YES;
				CLANG_ANALYZER_NUMBER_OBJECT_CONVERSION = YES_AGGRESSIVE;
				CLANG_CXX_LANGUAGE_STANDARD = "gnu++14";
				CLANG_CXX_LIBRARY = "libc++";
				CLANG_ENABLE_MODULES = YES;
				CLANG_ENABLE_OBJC_ARC = YES;
				CLANG_ENABLE_OBJC_WEAK = YES;
				CLANG_WARN_BLOCK_CAPTURE_AUTORELEASING = YES;
				CLANG_WARN_BOOL_CONVERSION = YES;
				CLANG_WARN_COMMA = YES;
				CLANG_WARN_CONSTANT_CONVERSION = YES;
				CLANG_WARN_DEPRECATED_OBJC_IMPLEMENTATIONS = YES;
				CLANG_WARN_DIRECT_OBJC_ISA_USAGE = YES_ERROR;
				CLANG_WARN_DOCUMENTATION_COMMENTS = YES;
				CLANG_WARN_EMPTY_BODY = YES;
				CLANG_WARN_ENUM_CONVERSION = YES;
				CLANG_WARN_INFINITE_RECURSION = YES;
				CLANG_WARN_INT_CONVERSION = YES;
				CLANG_WARN_NON_LITERAL_NULL_CONVERSION = YES;
				CLANG_WARN_OBJC_IMPLICIT_RETAIN_SELF = YES;
				CLANG_WARN_OBJC_LITERAL_CONVERSION = YES;
				CLANG_WARN_OBJC_ROOT_CLASS = YES_ERROR;
				CLANG_WARN_RANGE_LOOP_ANALYSIS = YES;
				CLANG_WARN_STRICT_PROTOTYPES = YES;
				CLANG_WARN_SUSPICIOUS_MOVE = YES;
				CLANG_WARN_UNGUARDED_AVAILABILITY = YES_AGGRESSIVE;
				CLANG_WARN_UNREACHABLE_CODE = YES;
				CLANG_WARN__DUPLICATE_METHOD_MATCH = YES;
				COPY_PHASE_STRIP = NO;
				DEBUG_INFORMATION_FORMAT = dwarf;
				ENABLE_STRICT_OBJC_MSGSEND = YES;
				ENABLE_TESTABILITY = YES;
				GCC_C_LANGUAGE_STANDARD = gnu11;
				GCC_DYNAMIC_NO_PIC = NO;
				GCC_NO_COMMON_BLOCKS = YES;
				GCC_OPTIMIZATION_LEVEL = 0;
				GCC_PREPROCESSOR_DEFINITIONS = (
					"DEBUG=1",
					"$(inherited)",
				);
				GCC_WARN_64_TO_32_BIT_CONVERSION = YES;
				GCC_WARN_ABOUT_RETURN_TYPE = YES_ERROR;
				GCC_WARN_UNDECLARED_SELECTOR = YES;
				GCC_WARN_UNINITIALIZED_AUTOS = YES_AGGRESSIVE;
				GCC_WARN_UNUSED_FUNCTION = YES;
				GCC_WARN_UNUSED_VARIABLE = YES;
				MACOSX_DEPLOYMENT_TARGET = 10.14;
				MTL_ENABLE_DEBUG_INFO = INCLUDE_SOURCE;
				MTL_FAST_MATH = YES;
				ONLY_ACTIVE_ARCH = YES;
				SDKROOT = macosx;
				SWIFT_ACTIVE_COMPILATION_CONDITIONS = DEBUG;
				SWIFT_OPTIMIZATION_LEVEL = "-Onone";
			};
			name = Debug;
		};
		FCA3F2562375D024008F8DE0 /* Release */ = {
			isa = XCBuildConfiguration;
			buildSettings = {
				ALWAYS_SEARCH_USER_PATHS = NO;
				CLANG_ANALYZER_NONNULL = YES;
				CLANG_ANALYZER_NUMBER_OBJECT_CONVERSION = YES_AGGRESSIVE;
				CLANG_CXX_LANGUAGE_STANDARD = "gnu++14";
				CLANG_CXX_LIBRARY = "libc++";
				CLANG_ENABLE_MODULES = YES;
				CLANG_ENABLE_OBJC_ARC = YES;
				CLANG_ENABLE_OBJC_WEAK = YES;
				CLANG_WARN_BLOCK_CAPTURE_AUTORELEASING = YES;
				CLANG_WARN_BOOL_CONVERSION = YES;
				CLANG_WARN_COMMA = YES;
				CLANG_WARN_CONSTANT_CONVERSION = YES;
				CLANG_WARN_DEPRECATED_OBJC_IMPLEMENTATIONS = YES;
				CLANG_WARN_DIRECT_OBJC_ISA_USAGE = YES_ERROR;
				CLANG_WARN_DOCUMENTATION_COMMENTS = YES;
				CLANG_WARN_EMPTY_BODY = YES;
				CLANG_WARN_ENUM_CONVERSION = YES;
				CLANG_WARN_INFINITE_RECURSION = YES;
				CLANG_WARN_INT_CONVERSION = YES;
				CLANG_WARN_NON_LITERAL_NULL_CONVERSION = YES;
				CLANG_WARN_OBJC_IMPLICIT_RETAIN_SELF = YES;
				CLANG_WARN_OBJC_LITERAL_CONVERSION = YES;
				CLANG_WARN_OBJC_ROOT_CLASS = YES_ERROR;
				CLANG_WARN_RANGE_LOOP_ANALYSIS = YES;
				CLANG_WARN_STRICT_PROTOTYPES = YES;
				CLANG_WARN_SUSPICIOUS_MOVE = YES;
				CLANG_WARN_UNGUARDED_AVAILABILITY = YES_AGGRESSIVE;
				CLANG_WARN_UNREACHABLE_CODE = YES;
				CLANG_WARN__DUPLICATE_METHOD_MATCH = YES;
				COPY_PHASE_STRIP = NO;
				DEBUG_INFORMATION_FORMAT = "dwarf-with-dsym";
				ENABLE_NS_ASSERTIONS = NO;
				ENABLE_STRICT_OBJC_MSGSEND = YES;
				GCC_C_LANGUAGE_STANDARD = gnu11;
				GCC_NO_COMMON_BLOCKS = YES;
				GCC_WARN_64_TO_32_BIT_CONVERSION = YES;
				GCC_WARN_ABOUT_RETURN_TYPE = YES_ERROR;
				GCC_WARN_UNDECLARED_SELECTOR = YES;
				GCC_WARN_UNINITIALIZED_AUTOS = YES_AGGRESSIVE;
				GCC_WARN_UNUSED_FUNCTION = YES;
				GCC_WARN_UNUSED_VARIABLE = YES;
				MACOSX_DEPLOYMENT_TARGET = 10.14;
				MTL_ENABLE_DEBUG_INFO = NO;
				MTL_FAST_MATH = YES;
				SDKROOT = macosx;
				SWIFT_COMPILATION_MODE = wholemodule;
				SWIFT_OPTIMIZATION_LEVEL = "-O";
			};
			name = Release;
		};
		FCA3F2582375D024008F8DE0 /* Debug */ = {
			isa = XCBuildConfiguration;
			buildSettings = {
				ASSETCATALOG_COMPILER_APPICON_NAME = AppIcon;
				CODE_SIGN_ENTITLEMENTS = Timity/Timity.entitlements;
				CODE_SIGN_STYLE = Automatic;
				COMBINE_HIDPI_IMAGES = YES;
				INFOPLIST_FILE = Timity/Info.plist;
				LD_RUNPATH_SEARCH_PATHS = (
					"$(inherited)",
					"@executable_path/../Frameworks",
				);
				PRODUCT_BUNDLE_IDENTIFIER = "webicom-b.v.-.Timity";
				PRODUCT_NAME = "$(TARGET_NAME)";
				SWIFT_VERSION = 5.0;
			};
			name = Debug;
		};
		FCA3F2592375D024008F8DE0 /* Release */ = {
			isa = XCBuildConfiguration;
			buildSettings = {
				ASSETCATALOG_COMPILER_APPICON_NAME = AppIcon;
				CODE_SIGN_ENTITLEMENTS = Timity/Timity.entitlements;
				CODE_SIGN_STYLE = Automatic;
				COMBINE_HIDPI_IMAGES = YES;
				INFOPLIST_FILE = Timity/Info.plist;
				LD_RUNPATH_SEARCH_PATHS = (
					"$(inherited)",
					"@executable_path/../Frameworks",
				);
				PRODUCT_BUNDLE_IDENTIFIER = "webicom-b.v.-.Timity";
				PRODUCT_NAME = "$(TARGET_NAME)";
				SWIFT_VERSION = 5.0;
			};
			name = Release;
		};
/* End XCBuildConfiguration section */

/* Begin XCConfigurationList section */
		FCA3F2422375D022008F8DE0 /* Build configuration list for PBXProject "Timity" */ = {
			isa = XCConfigurationList;
			buildConfigurations = (
				FCA3F2552375D024008F8DE0 /* Debug */,
				FCA3F2562375D024008F8DE0 /* Release */,
			);
			defaultConfigurationIsVisible = 0;
			defaultConfigurationName = Release;
		};
		FCA3F2572375D024008F8DE0 /* Build configuration list for PBXNativeTarget "Timity" */ = {
			isa = XCConfigurationList;
			buildConfigurations = (
				FCA3F2582375D024008F8DE0 /* Debug */,
				FCA3F2592375D024008F8DE0 /* Release */,
			);
			defaultConfigurationIsVisible = 0;
			defaultConfigurationName = Release;
		};
/* End XCConfigurationList section */
	};
	rootObject = FCA3F23F2375D022008F8DE0 /* Project object */;
}
